
Microsoft Visual Studio Solution File, Format Version 12.00
# Visual Studio Version 17
VisualStudioVersion = 17.11.35327.3
MinimumVisualStudioVersion = 10.0.40219.1
Project("{FAE04EC0-301F-11D3-BF4B-00C04F79EFBC}") = "Dz14", "Dz14\Dz14.csproj", "{5913CDB6-85C0-4079-8104-34B11EB1DB0A}"
EndProject
Global
	GlobalSection(SolutionConfigurationPlatforms) = preSolution
		Debug|Any CPU = Debug|Any CPU
		Release|Any CPU = Release|Any CPU
	EndGlobalSection
	GlobalSection(ProjectConfigurationPlatforms) = postSolution
		{5913CDB6-85C0-4079-8104-34B11EB1DB0A}.Debug|Any CPU.ActiveCfg = Debug|Any CPU
		{5913CDB6-85C0-4079-8104-34B11EB1DB0A}.Debug|Any CPU.Build.0 = Debug|Any CPU
		{5913CDB6-85C0-4079-8104-34B11EB1DB0A}.Release|Any CPU.ActiveCfg = Release|Any CPU
		{5913CDB6-85C0-4079-8104-34B11EB1DB0A}.Release|Any CPU.Build.0 = Release|Any CPU
	EndGlobalSection
	GlobalSection(SolutionProperties) = preSolution
		HideSolutionNode = FALSE
	EndGlobalSection
	GlobalSection(ExtensibilityGlobals) = postSolution
		SolutionGuid = {D0AC7037-5DB0-4876-AB8F-9334025F828A}
	EndGlobalSection
EndGlobal
